{
  "version": 4,
  "terraform_version": "1.7.5",
  "serial": 9,
  "lineage": "ec206a82-f0d7-9f85-749d-324de24880d9",
  "outputs": {},
  "resources": [
    {
      "mode": "managed",
      "type": "github_repository",
      "name": "github_repo_terraform",
      "provider": "provider[\"registry.terraform.io/integrations/github\"]",
      "instances": [
        {
          "schema_version": 1,
          "attributes": {
            "allow_auto_merge": false,
            "allow_merge_commit": false,
            "allow_rebase_merge": true,
            "allow_squash_merge": true,
            "allow_update_branch": false,
            "archive_on_destroy": null,
            "archived": false,
            "auto_init": null,
            "default_branch": "main",
            "delete_branch_on_merge": false,
            "description": "My github repo terraform example",
            "etag": "W/\"230112c272705054cb746655929a703b92c06e263723a9836426ed2dfd3ebe00\"",
            "full_name": "ivosahlik/github_repo_terraform",
            "git_clone_url": "git://github.com/ivosahlik/github_repo_terraform.git",
            "gitignore_template": null,
            "has_discussions": false,
            "has_downloads": false,
            "has_issues": false,
            "has_projects": false,
            "has_wiki": false,
            "homepage_url": "",
            "html_url": "https://github.com/ivosahlik/github_repo_terraform",
            "http_clone_url": "https://github.com/ivosahlik/github_repo_terraform.git",
            "id": "github_repo_terraform",
            "ignore_vulnerability_alerts_during_read": null,
            "is_template": false,
            "license_template": null,
            "merge_commit_message": "PR_TITLE",
            "merge_commit_title": "MERGE_MESSAGE",
            "name": "github_repo_terraform",
            "node_id": "R_kgDOM4-FAg",
            "pages": [],
            "primary_language": "HCL",
            "private": false,
            "repo_id": 865043714,
            "security_and_analysis": [
              {
                "advanced_security": [],
                "secret_scanning": [
                  {
                    "status": "enabled"
                  }
                ],
                "secret_scanning_push_protection": [
                  {
                    "status": "enabled"
                  }
                ]
              }
            ],
            "squash_merge_commit_message": "COMMIT_MESSAGES",
            "squash_merge_commit_title": "COMMIT_OR_PR_TITLE",
            "ssh_clone_url": "git@github.com:ivosahlik/github_repo_terraform.git",
            "svn_url": "https://github.com/ivosahlik/github_repo_terraform",
            "template": [],
            "topics": [],
            "visibility": "public",
            "vulnerability_alerts": false,
            "web_commit_signoff_required": false
          },
          "sensitive_attributes": [],
          "private": "eyJzY2hlbWFfdmVyc2lvbiI6IjEifQ=="
        }
      ]
    }
  ],
  "check_results": null
}
